
Microsoft Visual Studio Solution File, Format Version 12.00
# Visual Studio Version 18
VisualStudioVersion = 18.1.11304.174 d18.0
MinimumVisualStudioVersion = 10.0.40219.1
Project("{FAE04EC0-301F-11D3-BF4B-00C04F79EFBC}") = "ComputerRepairService", "ComputerRepairService\ComputerRepairService.csproj", "{C514D87E-4A76-4440-B383-62DE1574CBE4}"
EndProject
Global
	GlobalSection(SolutionConfigurationPlatforms) = preSolution
		Debug|Any CPU = Debug|Any CPU
		Release|Any CPU = Release|Any CPU
	EndGlobalSection
	GlobalSection(ProjectConfigurationPlatforms) = postSolution
		{C514D87E-4A76-4440-B383-62DE1574CBE4}.Debug|Any CPU.ActiveCfg = Debug|Any CPU
		{C514D87E-4A76-4440-B383-62DE1574CBE4}.Debug|Any CPU.Build.0 = Debug|Any CPU
		{C514D87E-4A76-4440-B383-62DE1574CBE4}.Release|Any CPU.ActiveCfg = Release|Any CPU
		{C514D87E-4A76-4440-B383-62DE1574CBE4}.Release|Any CPU.Build.0 = Release|Any CPU
	EndGlobalSection
	GlobalSection(SolutionProperties) = preSolution
		HideSolutionNode = FALSE
	EndGlobalSection
	GlobalSection(ExtensibilityGlobals) = postSolution
		SolutionGuid = {564A45A1-04A8-4060-B716-50D0F54BBA5D}
	EndGlobalSection
EndGlobal
